// !$*UTF8*$!
{
	archiveVersion = 1;
	classes = {
	};
	objectVersion = 56;
	objects = {

/* Begin PBXBuildFile section */
		E102B1412C41FA83004FD830 /* YoutubeHome.swift in Sources */ = {isa = PBXBuildFile; fileRef = E102B1402C41FA83004FD830 /* YoutubeHome.swift */; };
		E102B1442C41FF66004FD830 /* Extensions.swift in Sources */ = {isa = PBXBuildFile; fileRef = E102B1432C41FF66004FD830 /* Extensions.swift */; };
		E102B1462C420698004FD830 /* OffsetHelper.swift in Sources */ = {isa = PBXBuildFile; fileRef = E102B1452C420698004FD830 /* OffsetHelper.swift */; };
		E107817F2C8B243300F2BCE9 /* FirstView.swift in Sources */ = {isa = PBXBuildFile; fileRef = E107817E2C8B243300F2BCE9 /* FirstView.swift */; };
		E1080A092C3A5E0500910CA8 /* HalfModalCustom.swift in Sources */ = {isa = PBXBuildFile; fileRef = E1080A082C3A5E0500910CA8 /* HalfModalCustom.swift */; };
		E1080A0B2C3A789A00910CA8 /* FlexibleHeightModalCustom.swift in Sources */ = {isa = PBXBuildFile; fileRef = E1080A0A2C3A789A00910CA8 /* FlexibleHeightModalCustom.swift */; };
		E1080A0D2C3A7F3500910CA8 /* BannerCustom.swift in Sources */ = {isa = PBXBuildFile; fileRef = E1080A0C2C3A7F3500910CA8 /* BannerCustom.swift */; };
		E13680DC2CD5BC0800A96B25 /* mountain.mp4 in Resources */ = {isa = PBXBuildFile; fileRef = E13680DB2CD5BC0800A96B25 /* mountain.mp4 */; };
		E14BBCDC2C89D2C3007E02EF /* ContentView2.swift in Sources */ = {isa = PBXBuildFile; fileRef = E14BBCDB2C89D2C3007E02EF /* ContentView2.swift */; };
		E16749082C5B04BF001FD7B7 /* AlertCustom.swift in Sources */ = {isa = PBXBuildFile; fileRef = E16749072C5B04BF001FD7B7 /* AlertCustom.swift */; };
		E16CF4582C8687AB000EF000 /* PopupViewCustom.swift in Sources */ = {isa = PBXBuildFile; fileRef = E16CF4572C8687AB000EF000 /* PopupViewCustom.swift */; };
		E176D1DB2C4B509C009698FB /* AppNavBarView.swift in Sources */ = {isa = PBXBuildFile; fileRef = E176D1DA2C4B509C009698FB /* AppNavBarView.swift */; };
		E176D1DD2C4B5157009698FB /* CustomNavHeaderView.swift in Sources */ = {isa = PBXBuildFile; fileRef = E176D1DC2C4B5157009698FB /* CustomNavHeaderView.swift */; };
		E176D1DF2C4B5415009698FB /* CustomNavContainerView.swift in Sources */ = {isa = PBXBuildFile; fileRef = E176D1DE2C4B5415009698FB /* CustomNavContainerView.swift */; };
		E176D1E12C4B559B009698FB /* CustomNavBarView.swift in Sources */ = {isa = PBXBuildFile; fileRef = E176D1E02C4B559B009698FB /* CustomNavBarView.swift */; };
		E176D1E32C4B56C3009698FB /* CustomNavLink.swift in Sources */ = {isa = PBXBuildFile; fileRef = E176D1E22C4B56C3009698FB /* CustomNavLink.swift */; };
		E176D1E52C4B59E5009698FB /* NavBarPreferenceKeys.swift in Sources */ = {isa = PBXBuildFile; fileRef = E176D1E42C4B59E5009698FB /* NavBarPreferenceKeys.swift */; };
		E176D1ED2C4C9AAE009698FB /* TabViewCustom.swift in Sources */ = {isa = PBXBuildFile; fileRef = E176D1EC2C4C9AAE009698FB /* TabViewCustom.swift */; };
		E1978BD82CD589520009032B /* UserListView.swift in Sources */ = {isa = PBXBuildFile; fileRef = E1978BD72CD589520009032B /* UserListView.swift */; };
		E1978BDA2CD5895D0009032B /* User.swift in Sources */ = {isa = PBXBuildFile; fileRef = E1978BD92CD5895D0009032B /* User.swift */; };
		E1978BDC2CD589CF0009032B /* WebService.swift in Sources */ = {isa = PBXBuildFile; fileRef = E1978BDB2CD589CF0009032B /* WebService.swift */; };
		E1978BDE2CD58B850009032B /* ErrorCases.swift in Sources */ = {isa = PBXBuildFile; fileRef = E1978BDD2CD58B850009032B /* ErrorCases.swift */; };
		E1978BE02CD58B9B0009032B /* UserListViewModel.swift in Sources */ = {isa = PBXBuildFile; fileRef = E1978BDF2CD58B9B0009032B /* UserListViewModel.swift */; };
		E19DB5092C619C1700E76462 /* VideoPlayerCustom.swift in Sources */ = {isa = PBXBuildFile; fileRef = E19DB5082C619C1700E76462 /* VideoPlayerCustom.swift */; };
		E1A9F9BD2C43497400A2476D /* AppTabBarView.swift in Sources */ = {isa = PBXBuildFile; fileRef = E1A9F9BC2C43497400A2476D /* AppTabBarView.swift */; };
		E1A9F9BF2C43498C00A2476D /* TabBarItem.swift in Sources */ = {isa = PBXBuildFile; fileRef = E1A9F9BE2C43498C00A2476D /* TabBarItem.swift */; };
		E1A9F9C12C434FB500A2476D /* CustomTabView.swift in Sources */ = {isa = PBXBuildFile; fileRef = E1A9F9C02C434FB500A2476D /* CustomTabView.swift */; };
		E1A9F9C32C43511A00A2476D /* CustomTabContainerView.swift in Sources */ = {isa = PBXBuildFile; fileRef = E1A9F9C22C43511A00A2476D /* CustomTabContainerView.swift */; };
		E1A9F9C52C4353F300A2476D /* TabBarItemPreferenceKey.swift in Sources */ = {isa = PBXBuildFile; fileRef = E1A9F9C42C4353F300A2476D /* TabBarItemPreferenceKey.swift */; };
		E1DB36A92C392D090082CA6D /* SwiftUICustomApp.swift in Sources */ = {isa = PBXBuildFile; fileRef = E1DB36A82C392D090082CA6D /* SwiftUICustomApp.swift */; };
		E1DB36AB2C392D090082CA6D /* ContentView.swift in Sources */ = {isa = PBXBuildFile; fileRef = E1DB36AA2C392D090082CA6D /* ContentView.swift */; };
		E1DB36AD2C392D0B0082CA6D /* Assets.xcassets in Resources */ = {isa = PBXBuildFile; fileRef = E1DB36AC2C392D0B0082CA6D /* Assets.xcassets */; };
		E1DB36B02C392D0B0082CA6D /* Preview Assets.xcassets in Resources */ = {isa = PBXBuildFile; fileRef = E1DB36AF2C392D0B0082CA6D /* Preview Assets.xcassets */; };
		E1DB36B72C392D210082CA6D /* ButtonCustom.swift in Sources */ = {isa = PBXBuildFile; fileRef = E1DB36B62C392D210082CA6D /* ButtonCustom.swift */; };
		E1DB36BA2C392D710082CA6D /* Const.swift in Sources */ = {isa = PBXBuildFile; fileRef = E1DB36B92C392D710082CA6D /* Const.swift */; };
/* End PBXBuildFile section */

/* Begin PBXFileReference section */
		E102B1402C41FA83004FD830 /* YoutubeHome.swift */ = {isa = PBXFileReference; lastKnownFileType = sourcecode.swift; path = YoutubeHome.swift; sourceTree = "<group>"; };
		E102B1432C41FF66004FD830 /* Extensions.swift */ = {isa = PBXFileReference; lastKnownFileType = sourcecode.swift; path = Extensions.swift; sourceTree = "<group>"; };
		E102B1452C420698004FD830 /* OffsetHelper.swift */ = {isa = PBXFileReference; lastKnownFileType = sourcecode.swift; path = OffsetHelper.swift; sourceTree = "<group>"; };
		E107817E2C8B243300F2BCE9 /* FirstView.swift */ = {isa = PBXFileReference; lastKnownFileType = sourcecode.swift; path = FirstView.swift; sourceTree = "<group>"; };
		E1080A082C3A5E0500910CA8 /* HalfModalCustom.swift */ = {isa = PBXFileReference; lastKnownFileType = sourcecode.swift; path = HalfModalCustom.swift; sourceTree = "<group>"; };
		E1080A0A2C3A789A00910CA8 /* FlexibleHeightModalCustom.swift */ = {isa = PBXFileReference; lastKnownFileType = sourcecode.swift; path = FlexibleHeightModalCustom.swift; sourceTree = "<group>"; };
		E1080A0C2C3A7F3500910CA8 /* BannerCustom.swift */ = {isa = PBXFileReference; lastKnownFileType = sourcecode.swift; path = BannerCustom.swift; sourceTree = "<group>"; };
		E13680DB2CD5BC0800A96B25 /* mountain.mp4 */ = {isa = PBXFileReference; lastKnownFileType = file; path = mountain.mp4; sourceTree = "<group>"; };
		E14BBCDB2C89D2C3007E02EF /* ContentView2.swift */ = {isa = PBXFileReference; lastKnownFileType = sourcecode.swift; path = ContentView2.swift; sourceTree = "<group>"; };
		E16749072C5B04BF001FD7B7 /* AlertCustom.swift */ = {isa = PBXFileReference; lastKnownFileType = sourcecode.swift; path = AlertCustom.swift; sourceTree = "<group>"; };
		E16CF4572C8687AB000EF000 /* PopupViewCustom.swift */ = {isa = PBXFileReference; lastKnownFileType = sourcecode.swift; path = PopupViewCustom.swift; sourceTree = "<group>"; };
		E176D1DA2C4B509C009698FB /* AppNavBarView.swift */ = {isa = PBXFileReference; lastKnownFileType = sourcecode.swift; path = AppNavBarView.swift; sourceTree = "<group>"; };
		E176D1DC2C4B5157009698FB /* CustomNavHeaderView.swift */ = {isa = PBXFileReference; lastKnownFileType = sourcecode.swift; path = CustomNavHeaderView.swift; sourceTree = "<group>"; };
		E176D1DE2C4B5415009698FB /* CustomNavContainerView.swift */ = {isa = PBXFileReference; lastKnownFileType = sourcecode.swift; path = CustomNavContainerView.swift; sourceTree = "<group>"; };
		E176D1E02C4B559B009698FB /* CustomNavBarView.swift */ = {isa = PBXFileReference; lastKnownFileType = sourcecode.swift; path = CustomNavBarView.swift; sourceTree = "<group>"; };
		E176D1E22C4B56C3009698FB /* CustomNavLink.swift */ = {isa = PBXFileReference; lastKnownFileType = sourcecode.swift; path = CustomNavLink.swift; sourceTree = "<group>"; };
		E176D1E42C4B59E5009698FB /* NavBarPreferenceKeys.swift */ = {isa = PBXFileReference; lastKnownFileType = sourcecode.swift; path = NavBarPreferenceKeys.swift; sourceTree = "<group>"; };
		E176D1EC2C4C9AAE009698FB /* TabViewCustom.swift */ = {isa = PBXFileReference; lastKnownFileType = sourcecode.swift; path = TabViewCustom.swift; sourceTree = "<group>"; };
		E1978BD72CD589520009032B /* UserListView.swift */ = {isa = PBXFileReference; lastKnownFileType = sourcecode.swift; path = UserListView.swift; sourceTree = "<group>"; };
		E1978BD92CD5895D0009032B /* User.swift */ = {isa = PBXFileReference; lastKnownFileType = sourcecode.swift; path = User.swift; sourceTree = "<group>"; };
		E1978BDB2CD589CF0009032B /* WebService.swift */ = {isa = PBXFileReference; lastKnownFileType = sourcecode.swift; path = WebService.swift; sourceTree = "<group>"; };
		E1978BDD2CD58B850009032B /* ErrorCases.swift */ = {isa = PBXFileReference; lastKnownFileType = sourcecode.swift; path = ErrorCases.swift; sourceTree = "<group>"; };
		E1978BDF2CD58B9B0009032B /* UserListViewModel.swift */ = {isa = PBXFileReference; lastKnownFileType = sourcecode.swift; path = UserListViewModel.swift; sourceTree = "<group>"; };
		E19DB5082C619C1700E76462 /* VideoPlayerCustom.swift */ = {isa = PBXFileReference; lastKnownFileType = sourcecode.swift; path = VideoPlayerCustom.swift; sourceTree = "<group>"; };
		E1A9F9BC2C43497400A2476D /* AppTabBarView.swift */ = {isa = PBXFileReference; lastKnownFileType = sourcecode.swift; path = AppTabBarView.swift; sourceTree = "<group>"; };
		E1A9F9BE2C43498C00A2476D /* TabBarItem.swift */ = {isa = PBXFileReference; lastKnownFileType = sourcecode.swift; path = TabBarItem.swift; sourceTree = "<group>"; };
		E1A9F9C02C434FB500A2476D /* CustomTabView.swift */ = {isa = PBXFileReference; lastKnownFileType = sourcecode.swift; path = CustomTabView.swift; sourceTree = "<group>"; };
		E1A9F9C22C43511A00A2476D /* CustomTabContainerView.swift */ = {isa = PBXFileReference; lastKnownFileType = sourcecode.swift; path = CustomTabContainerView.swift; sourceTree = "<group>"; };
		E1A9F9C42C4353F300A2476D /* TabBarItemPreferenceKey.swift */ = {isa = PBXFileReference; lastKnownFileType = sourcecode.swift; path = TabBarItemPreferenceKey.swift; sourceTree = "<group>"; };
		E1DB36A52C392D090082CA6D /* SwiftUICustom.app */ = {isa = PBXFileReference; explicitFileType = wrapper.application; includeInIndex = 0; path = SwiftUICustom.app; sourceTree = BUILT_PRODUCTS_DIR; };
		E1DB36A82C392D090082CA6D /* SwiftUICustomApp.swift */ = {isa = PBXFileReference; lastKnownFileType = sourcecode.swift; path = SwiftUICustomApp.swift; sourceTree = "<group>"; };
		E1DB36AA2C392D090082CA6D /* ContentView.swift */ = {isa = PBXFileReference; lastKnownFileType = sourcecode.swift; path = ContentView.swift; sourceTree = "<group>"; };
		E1DB36AC2C392D0B0082CA6D /* Assets.xcassets */ = {isa = PBXFileReference; lastKnownFileType = folder.assetcatalog; path = Assets.xcassets; sourceTree = "<group>"; };
		E1DB36AF2C392D0B0082CA6D /* Preview Assets.xcassets */ = {isa = PBXFileReference; lastKnownFileType = folder.assetcatalog; path = "Preview Assets.xcassets"; sourceTree = "<group>"; };
		E1DB36B62C392D210082CA6D /* ButtonCustom.swift */ = {isa = PBXFileReference; lastKnownFileType = sourcecode.swift; path = ButtonCustom.swift; sourceTree = "<group>"; };
		E1DB36B92C392D710082CA6D /* Const.swift */ = {isa = PBXFileReference; lastKnownFileType = sourcecode.swift; path = Const.swift; sourceTree = "<group>"; };
/* End PBXFileReference section */

/* Begin PBXFrameworksBuildPhase section */
		E1DB36A22C392D090082CA6D /* Frameworks */ = {
			isa = PBXFrameworksBuildPhase;
			buildActionMask = 2147483647;
			files = (
			);
			runOnlyForDeploymentPostprocessing = 0;
		};
/* End PBXFrameworksBuildPhase section */

/* Begin PBXGroup section */
		E102B13F2C41FA73004FD830 /* SwipeHiddenHeader */ = {
			isa = PBXGroup;
			children = (
				E102B1422C41FF54004FD830 /* Helper */,
				E102B1402C41FA83004FD830 /* YoutubeHome.swift */,
			);
			path = SwipeHiddenHeader;
			sourceTree = "<group>";
		};
		E102B1422C41FF54004FD830 /* Helper */ = {
			isa = PBXGroup;
			children = (
				E102B1432C41FF66004FD830 /* Extensions.swift */,
				E102B1452C420698004FD830 /* OffsetHelper.swift */,
			);
			path = Helper;
			sourceTree = "<group>";
		};
		E176D1D92C4B505E009698FB /* CustomNavBar */ = {
			isa = PBXGroup;
			children = (
				E176D1DA2C4B509C009698FB /* AppNavBarView.swift */,
				E176D1DC2C4B5157009698FB /* CustomNavHeaderView.swift */,
				E176D1DE2C4B5415009698FB /* CustomNavContainerView.swift */,
				E176D1E02C4B559B009698FB /* CustomNavBarView.swift */,
				E176D1E22C4B56C3009698FB /* CustomNavLink.swift */,
				E176D1E42C4B59E5009698FB /* NavBarPreferenceKeys.swift */,
			);
			path = CustomNavBar;
			sourceTree = "<group>";
		};
		E1978BD52CD587750009032B /* SwiftUITest */ = {
			isa = PBXGroup;
			children = (
				E107817E2C8B243300F2BCE9 /* FirstView.swift */,
				E14BBCDB2C89D2C3007E02EF /* ContentView2.swift */,
			);
			path = SwiftUITest;
			sourceTree = "<group>";
		};
		E1978BD62CD588A80009032B /* AsyncAwaitSwiftUI */ = {
			isa = PBXGroup;
			children = (
				E1978BE12CD58CE30009032B /* UserList */,
				E1978BD92CD5895D0009032B /* User.swift */,
				E1978BDB2CD589CF0009032B /* WebService.swift */,
				E1978BDD2CD58B850009032B /* ErrorCases.swift */,
			);
			path = AsyncAwaitSwiftUI;
			sourceTree = "<group>";
		};
		E1978BE12CD58CE30009032B /* UserList */ = {
			isa = PBXGroup;
			children = (
				E1978BD72CD589520009032B /* UserListView.swift */,
				E1978BDF2CD58B9B0009032B /* UserListViewModel.swift */,
			);
			path = UserList;
			sourceTree = "<group>";
		};
		E1A9F9BB2C43495600A2476D /* CustomTabBar */ = {
			isa = PBXGroup;
			children = (
				E1A9F9BC2C43497400A2476D /* AppTabBarView.swift */,
				E1A9F9C02C434FB500A2476D /* CustomTabView.swift */,
				E1A9F9C22C43511A00A2476D /* CustomTabContainerView.swift */,
				E1A9F9BE2C43498C00A2476D /* TabBarItem.swift */,
				E1A9F9C42C4353F300A2476D /* TabBarItemPreferenceKey.swift */,
			);
			path = CustomTabBar;
			sourceTree = "<group>";
		};
		E1DB369C2C392D090082CA6D = {
			isa = PBXGroup;
			children = (
				E13680DB2CD5BC0800A96B25 /* mountain.mp4 */,
				E1DB36A72C392D090082CA6D /* SwiftUICustom */,
				E1DB36A62C392D090082CA6D /* Products */,
			);
			sourceTree = "<group>";
		};
		E1DB36A62C392D090082CA6D /* Products */ = {
			isa = PBXGroup;
			children = (
				E1DB36A52C392D090082CA6D /* SwiftUICustom.app */,
			);
			name = Products;
			sourceTree = "<group>";
		};
		E1DB36A72C392D090082CA6D /* SwiftUICustom */ = {
			isa = PBXGroup;
			children = (
				E1DB36A82C392D090082CA6D /* SwiftUICustomApp.swift */,
				E1DB36AA2C392D090082CA6D /* ContentView.swift */,
				E1DB36B92C392D710082CA6D /* Const.swift */,
				E1DB36AC2C392D0B0082CA6D /* Assets.xcassets */,
				E1DB36AE2C392D0B0082CA6D /* Preview Content */,
				E1DB36B62C392D210082CA6D /* ButtonCustom.swift */,
				E1080A082C3A5E0500910CA8 /* HalfModalCustom.swift */,
				E1080A0A2C3A789A00910CA8 /* FlexibleHeightModalCustom.swift */,
				E1080A0C2C3A7F3500910CA8 /* BannerCustom.swift */,
				E102B13F2C41FA73004FD830 /* SwipeHiddenHeader */,
				E1A9F9BB2C43495600A2476D /* CustomTabBar */,
				E176D1D92C4B505E009698FB /* CustomNavBar */,
				E176D1EC2C4C9AAE009698FB /* TabViewCustom.swift */,
				E16749072C5B04BF001FD7B7 /* AlertCustom.swift */,
				E19DB5082C619C1700E76462 /* VideoPlayerCustom.swift */,
				E16CF4572C8687AB000EF000 /* PopupViewCustom.swift */,
				E1978BD62CD588A80009032B /* AsyncAwaitSwiftUI */,
				E1978BD52CD587750009032B /* SwiftUITest */,
			);
			path = SwiftUICustom;
			sourceTree = "<group>";
		};
		E1DB36AE2C392D0B0082CA6D /* Preview Content */ = {
			isa = PBXGroup;
			children = (
				E1DB36AF2C392D0B0082CA6D /* Preview Assets.xcassets */,
			);
			path = "Preview Content";
			sourceTree = "<group>";
		};
/* End PBXGroup section */

/* Begin PBXNativeTarget section */
		E1DB36A42C392D090082CA6D /* SwiftUICustom */ = {
			isa = PBXNativeTarget;
			buildConfigurationList = E1DB36B32C392D0B0082CA6D /* Build configuration list for PBXNativeTarget "SwiftUICustom" */;
			buildPhases = (
				E1DB36A12C392D090082CA6D /* Sources */,
				E1DB36A22C392D090082CA6D /* Frameworks */,
				E1DB36A32C392D090082CA6D /* Resources */,
			);
			buildRules = (
			);
			dependencies = (
			);
			name = SwiftUICustom;
			productName = SwiftUICustom;
			productReference = E1DB36A52C392D090082CA6D /* SwiftUICustom.app */;
			productType = "com.apple.product-type.application";
		};
/* End PBXNativeTarget section */

/* Begin PBXProject section */
		E1DB369D2C392D090082CA6D /* Project object */ = {
			isa = PBXProject;
			attributes = {
				BuildIndependentTargetsInParallel = 1;
				LastSwiftUpdateCheck = 1540;
				LastUpgradeCheck = 1540;
				TargetAttributes = {
					E1DB36A42C392D090082CA6D = {
						CreatedOnToolsVersion = 15.4;
					};
				};
			};
			buildConfigurationList = E1DB36A02C392D090082CA6D /* Build configuration list for PBXProject "SwiftUICustom" */;
			compatibilityVersion = "Xcode 14.0";
			developmentRegion = en;
			hasScannedForEncodings = 0;
			knownRegions = (
				en,
				Base,
			);
			mainGroup = E1DB369C2C392D090082CA6D;
			productRefGroup = E1DB36A62C392D090082CA6D /* Products */;
			projectDirPath = "";
			projectRoot = "";
			targets = (
				E1DB36A42C392D090082CA6D /* SwiftUICustom */,
			);
		};
/* End PBXProject section */

/* Begin PBXResourcesBuildPhase section */
		E1DB36A32C392D090082CA6D /* Resources */ = {
			isa = PBXResourcesBuildPhase;
			buildActionMask = 2147483647;
			files = (
				E1DB36B02C392D0B0082CA6D /* Preview Assets.xcassets in Resources */,
				E1DB36AD2C392D0B0082CA6D /* Assets.xcassets in Resources */,
				E13680DC2CD5BC0800A96B25 /* mountain.mp4 in Resources */,
			);
			runOnlyForDeploymentPostprocessing = 0;
		};
/* End PBXResourcesBuildPhase section */

/* Begin PBXSourcesBuildPhase section */
		E1DB36A12C392D090082CA6D /* Sources */ = {
			isa = PBXSourcesBuildPhase;
			buildActionMask = 2147483647;
			files = (
				E1A9F9BD2C43497400A2476D /* AppTabBarView.swift in Sources */,
				E1978BDE2CD58B850009032B /* ErrorCases.swift in Sources */,
				E1080A0D2C3A7F3500910CA8 /* BannerCustom.swift in Sources */,
				E102B1442C41FF66004FD830 /* Extensions.swift in Sources */,
				E1978BDA2CD5895D0009032B /* User.swift in Sources */,
				E176D1DD2C4B5157009698FB /* CustomNavHeaderView.swift in Sources */,
				E176D1E32C4B56C3009698FB /* CustomNavLink.swift in Sources */,
				E1DB36AB2C392D090082CA6D /* ContentView.swift in Sources */,
				E176D1DB2C4B509C009698FB /* AppNavBarView.swift in Sources */,
				E16CF4582C8687AB000EF000 /* PopupViewCustom.swift in Sources */,
				E176D1E12C4B559B009698FB /* CustomNavBarView.swift in Sources */,
				E1DB36BA2C392D710082CA6D /* Const.swift in Sources */,
				E1080A0B2C3A789A00910CA8 /* FlexibleHeightModalCustom.swift in Sources */,
				E176D1E52C4B59E5009698FB /* NavBarPreferenceKeys.swift in Sources */,
				E1A9F9BF2C43498C00A2476D /* TabBarItem.swift in Sources */,
				E1A9F9C32C43511A00A2476D /* CustomTabContainerView.swift in Sources */,
				E1080A092C3A5E0500910CA8 /* HalfModalCustom.swift in Sources */,
				E176D1ED2C4C9AAE009698FB /* TabViewCustom.swift in Sources */,
				E107817F2C8B243300F2BCE9 /* FirstView.swift in Sources */,
				E1978BDC2CD589CF0009032B /* WebService.swift in Sources */,
				E1A9F9C52C4353F300A2476D /* TabBarItemPreferenceKey.swift in Sources */,
				E102B1462C420698004FD830 /* OffsetHelper.swift in Sources */,
				E19DB5092C619C1700E76462 /* VideoPlayerCustom.swift in Sources */,
				E176D1DF2C4B5415009698FB /* CustomNavContainerView.swift in Sources */,
				E1DB36A92C392D090082CA6D /* SwiftUICustomApp.swift in Sources */,
				E1978BE02CD58B9B0009032B /* UserListViewModel.swift in Sources */,
				E1978BD82CD589520009032B /* UserListView.swift in Sources */,
				E1A9F9C12C434FB500A2476D /* CustomTabView.swift in Sources */,
				E102B1412C41FA83004FD830 /* YoutubeHome.swift in Sources */,
				E14BBCDC2C89D2C3007E02EF /* ContentView2.swift in Sources */,
				E16749082C5B04BF001FD7B7 /* AlertCustom.swift in Sources */,
				E1DB36B72C392D210082CA6D /* ButtonCustom.swift in Sources */,
			);
			runOnlyForDeploymentPostprocessing = 0;
		};
/* End PBXSourcesBuildPhase section */

/* Begin XCBuildConfiguration section */
		E1DB36B12C392D0B0082CA6D /* Debug */ = {
			isa = XCBuildConfiguration;
			buildSettings = {
				ALWAYS_SEARCH_USER_PATHS = NO;
				ASSETCATALOG_COMPILER_GENERATE_SWIFT_ASSET_SYMBOL_EXTENSIONS = YES;
				CLANG_ANALYZER_NONNULL = YES;
				CLANG_ANALYZER_NUMBER_OBJECT_CONVERSION = YES_AGGRESSIVE;
				CLANG_CXX_LANGUAGE_STANDARD = "gnu++20";
				CLANG_ENABLE_MODULES = YES;
				CLANG_ENABLE_OBJC_ARC = YES;
				CLANG_ENABLE_OBJC_WEAK = YES;
				CLANG_WARN_BLOCK_CAPTURE_AUTORELEASING = YES;
				CLANG_WARN_BOOL_CONVERSION = YES;
				CLANG_WARN_COMMA = YES;
				CLANG_WARN_CONSTANT_CONVERSION = YES;
				CLANG_WARN_DEPRECATED_OBJC_IMPLEMENTATIONS = YES;
				CLANG_WARN_DIRECT_OBJC_ISA_USAGE = YES_ERROR;
				CLANG_WARN_DOCUMENTATION_COMMENTS = YES;
				CLANG_WARN_EMPTY_BODY = YES;
				CLANG_WARN_ENUM_CONVERSION = YES;
				CLANG_WARN_INFINITE_RECURSION = YES;
				CLANG_WARN_INT_CONVERSION = YES;
				CLANG_WARN_NON_LITERAL_NULL_CONVERSION = YES;
				CLANG_WARN_OBJC_IMPLICIT_RETAIN_SELF = YES;
				CLANG_WARN_OBJC_LITERAL_CONVERSION = YES;
				CLANG_WARN_OBJC_ROOT_CLASS = YES_ERROR;
				CLANG_WARN_QUOTED_INCLUDE_IN_FRAMEWORK_HEADER = YES;
				CLANG_WARN_RANGE_LOOP_ANALYSIS = YES;
				CLANG_WARN_STRICT_PROTOTYPES = YES;
				CLANG_WARN_SUSPICIOUS_MOVE = YES;
				CLANG_WARN_UNGUARDED_AVAILABILITY = YES_AGGRESSIVE;
				CLANG_WARN_UNREACHABLE_CODE = YES;
				CLANG_WARN__DUPLICATE_METHOD_MATCH = YES;
				COPY_PHASE_STRIP = NO;
				DEBUG_INFORMATION_FORMAT = dwarf;
				ENABLE_STRICT_OBJC_MSGSEND = YES;
				ENABLE_TESTABILITY = YES;
				ENABLE_USER_SCRIPT_SANDBOXING = YES;
				GCC_C_LANGUAGE_STANDARD = gnu17;
				GCC_DYNAMIC_NO_PIC = NO;
				GCC_NO_COMMON_BLOCKS = YES;
				GCC_OPTIMIZATION_LEVEL = 0;
				GCC_PREPROCESSOR_DEFINITIONS = (
					"DEBUG=1",
					"$(inherited)",
				);
				GCC_WARN_64_TO_32_BIT_CONVERSION = YES;
				GCC_WARN_ABOUT_RETURN_TYPE = YES_ERROR;
				GCC_WARN_UNDECLARED_SELECTOR = YES;
				GCC_WARN_UNINITIALIZED_AUTOS = YES_AGGRESSIVE;
				GCC_WARN_UNUSED_FUNCTION = YES;
				GCC_WARN_UNUSED_VARIABLE = YES;
				IPHONEOS_DEPLOYMENT_TARGET = 17.5;
				LOCALIZATION_PREFERS_STRING_CATALOGS = YES;
				MTL_ENABLE_DEBUG_INFO = INCLUDE_SOURCE;
				MTL_FAST_MATH = YES;
				ONLY_ACTIVE_ARCH = YES;
				SDKROOT = iphoneos;
				SWIFT_ACTIVE_COMPILATION_CONDITIONS = "DEBUG $(inherited)";
				SWIFT_OPTIMIZATION_LEVEL = "-Onone";
			};
			name = Debug;
		};
		E1DB36B22C392D0B0082CA6D /* Release */ = {
			isa = XCBuildConfiguration;
			buildSettings = {
				ALWAYS_SEARCH_USER_PATHS = NO;
				ASSETCATALOG_COMPILER_GENERATE_SWIFT_ASSET_SYMBOL_EXTENSIONS = YES;
				CLANG_ANALYZER_NONNULL = YES;
				CLANG_ANALYZER_NUMBER_OBJECT_CONVERSION = YES_AGGRESSIVE;
				CLANG_CXX_LANGUAGE_STANDARD = "gnu++20";
				CLANG_ENABLE_MODULES = YES;
				CLANG_ENABLE_OBJC_ARC = YES;
				CLANG_ENABLE_OBJC_WEAK = YES;
				CLANG_WARN_BLOCK_CAPTURE_AUTORELEASING = YES;
				CLANG_WARN_BOOL_CONVERSION = YES;
				CLANG_WARN_COMMA = YES;
				CLANG_WARN_CONSTANT_CONVERSION = YES;
				CLANG_WARN_DEPRECATED_OBJC_IMPLEMENTATIONS = YES;
				CLANG_WARN_DIRECT_OBJC_ISA_USAGE = YES_ERROR;
				CLANG_WARN_DOCUMENTATION_COMMENTS = YES;
				CLANG_WARN_EMPTY_BODY = YES;
				CLANG_WARN_ENUM_CONVERSION = YES;
				CLANG_WARN_INFINITE_RECURSION = YES;
				CLANG_WARN_INT_CONVERSION = YES;
				CLANG_WARN_NON_LITERAL_NULL_CONVERSION = YES;
				CLANG_WARN_OBJC_IMPLICIT_RETAIN_SELF = YES;
				CLANG_WARN_OBJC_LITERAL_CONVERSION = YES;
				CLANG_WARN_OBJC_ROOT_CLASS = YES_ERROR;
				CLANG_WARN_QUOTED_INCLUDE_IN_FRAMEWORK_HEADER = YES;
				CLANG_WARN_RANGE_LOOP_ANALYSIS = YES;
				CLANG_WARN_STRICT_PROTOTYPES = YES;
				CLANG_WARN_SUSPICIOUS_MOVE = YES;
				CLANG_WARN_UNGUARDED_AVAILABILITY = YES_AGGRESSIVE;
				CLANG_WARN_UNREACHABLE_CODE = YES;
				CLANG_WARN__DUPLICATE_METHOD_MATCH = YES;
				COPY_PHASE_STRIP = NO;
				DEBUG_INFORMATION_FORMAT = "dwarf-with-dsym";
				ENABLE_NS_ASSERTIONS = NO;
				ENABLE_STRICT_OBJC_MSGSEND = YES;
				ENABLE_USER_SCRIPT_SANDBOXING = YES;
				GCC_C_LANGUAGE_STANDARD = gnu17;
				GCC_NO_COMMON_BLOCKS = YES;
				GCC_WARN_64_TO_32_BIT_CONVERSION = YES;
				GCC_WARN_ABOUT_RETURN_TYPE = YES_ERROR;
				GCC_WARN_UNDECLARED_SELECTOR = YES;
				GCC_WARN_UNINITIALIZED_AUTOS = YES_AGGRESSIVE;
				GCC_WARN_UNUSED_FUNCTION = YES;
				GCC_WARN_UNUSED_VARIABLE = YES;
				IPHONEOS_DEPLOYMENT_TARGET = 17.5;
				LOCALIZATION_PREFERS_STRING_CATALOGS = YES;
				MTL_ENABLE_DEBUG_INFO = NO;
				MTL_FAST_MATH = YES;
				SDKROOT = iphoneos;
				SWIFT_COMPILATION_MODE = wholemodule;
				VALIDATE_PRODUCT = YES;
			};
			name = Release;
		};
		E1DB36B42C392D0B0082CA6D /* Debug */ = {
			isa = XCBuildConfiguration;
			buildSettings = {
				ASSETCATALOG_COMPILER_APPICON_NAME = AppIcon;
				ASSETCATALOG_COMPILER_GLOBAL_ACCENT_COLOR_NAME = AccentColor;
				CODE_SIGN_STYLE = Automatic;
				CURRENT_PROJECT_VERSION = 1;
				DEVELOPMENT_ASSET_PATHS = "\"SwiftUICustom/Preview Content\"";
				DEVELOPMENT_TEAM = X4PW2YAMT6;
				ENABLE_PREVIEWS = YES;
				GENERATE_INFOPLIST_FILE = YES;
				INFOPLIST_KEY_UIApplicationSceneManifest_Generation = YES;
				INFOPLIST_KEY_UIApplicationSupportsIndirectInputEvents = YES;
				INFOPLIST_KEY_UILaunchScreen_Generation = YES;
				INFOPLIST_KEY_UISupportedInterfaceOrientations_iPad = "UIInterfaceOrientationPortrait UIInterfaceOrientationPortraitUpsideDown UIInterfaceOrientationLandscapeLeft UIInterfaceOrientationLandscapeRight";
				INFOPLIST_KEY_UISupportedInterfaceOrientations_iPhone = "UIInterfaceOrientationPortrait UIInterfaceOrientationLandscapeLeft UIInterfaceOrientationLandscapeRight";
				IPHONEOS_DEPLOYMENT_TARGET = 15.5;
				LD_RUNPATH_SEARCH_PATHS = (
					"$(inherited)",
					"@executable_path/Frameworks",
				);
				MARKETING_VERSION = 1.0;
				PRODUCT_BUNDLE_IDENTIFIER = com.yoo.SwiftUICustom;
				PRODUCT_NAME = "$(TARGET_NAME)";
				SWIFT_EMIT_LOC_STRINGS = YES;
				SWIFT_VERSION = 5.0;
				TARGETED_DEVICE_FAMILY = "1,2";
			};
			name = Debug;
		};
		E1DB36B52C392D0B0082CA6D /* Release */ = {
			isa = XCBuildConfiguration;
			buildSettings = {
				ASSETCATALOG_COMPILER_APPICON_NAME = AppIcon;
				ASSETCATALOG_COMPILER_GLOBAL_ACCENT_COLOR_NAME = AccentColor;
				CODE_SIGN_STYLE = Automatic;
				CURRENT_PROJECT_VERSION = 1;
				DEVELOPMENT_ASSET_PATHS = "\"SwiftUICustom/Preview Content\"";
				DEVELOPMENT_TEAM = X4PW2YAMT6;
				ENABLE_PREVIEWS = YES;
				GENERATE_INFOPLIST_FILE = YES;
				INFOPLIST_KEY_UIApplicationSceneManifest_Generation = YES;
				INFOPLIST_KEY_UIApplicationSupportsIndirectInputEvents = YES;
				INFOPLIST_KEY_UILaunchScreen_Generation = YES;
				INFOPLIST_KEY_UISupportedInterfaceOrientations_iPad = "UIInterfaceOrientationPortrait UIInterfaceOrientationPortraitUpsideDown UIInterfaceOrientationLandscapeLeft UIInterfaceOrientationLandscapeRight";
				INFOPLIST_KEY_UISupportedInterfaceOrientations_iPhone = "UIInterfaceOrientationPortrait UIInterfaceOrientationLandscapeLeft UIInterfaceOrientationLandscapeRight";
				IPHONEOS_DEPLOYMENT_TARGET = 15.5;
				LD_RUNPATH_SEARCH_PATHS = (
					"$(inherited)",
					"@executable_path/Frameworks",
				);
				MARKETING_VERSION = 1.0;
				PRODUCT_BUNDLE_IDENTIFIER = com.yoo.SwiftUICustom;
				PRODUCT_NAME = "$(TARGET_NAME)";
				SWIFT_EMIT_LOC_STRINGS = YES;
				SWIFT_VERSION = 5.0;
				TARGETED_DEVICE_FAMILY = "1,2";
			};
			name = Release;
		};
/* End XCBuildConfiguration section */

/* Begin XCConfigurationList section */
		E1DB36A02C392D090082CA6D /* Build configuration list for PBXProject "SwiftUICustom" */ = {
			isa = XCConfigurationList;
			buildConfigurations = (
				E1DB36B12C392D0B0082CA6D /* Debug */,
				E1DB36B22C392D0B0082CA6D /* Release */,
			);
			defaultConfigurationIsVisible = 0;
			defaultConfigurationName = Release;
		};
		E1DB36B32C392D0B0082CA6D /* Build configuration list for PBXNativeTarget "SwiftUICustom" */ = {
			isa = XCConfigurationList;
			buildConfigurations = (
				E1DB36B42C392D0B0082CA6D /* Debug */,
				E1DB36B52C392D0B0082CA6D /* Release */,
			);
			defaultConfigurationIsVisible = 0;
			defaultConfigurationName = Release;
		};
/* End XCConfigurationList section */
	};
	rootObject = E1DB369D2C392D090082CA6D /* Project object */;
}
